
Microsoft Visual Studio Solution File, Format Version 12.00
# Visual Studio Version 17
VisualStudioVersion = 17.6.33723.286
MinimumVisualStudioVersion = 10.0.40219.1
Project("{9A19103F-16F7-4668-BE54-9A1E7A4F7556}") = "Demo_ProductApp", "Demo_ProductApp\Demo_ProductApp.csproj", "{05A570DD-084E-4FE0-B50C-1599A9C313D7}"
EndProject
Project("{FAE04EC0-301F-11D3-BF4B-00C04F79EFBC}") = "ProductApp.Tests", "ProductApp.Tests\ProductApp.Tests.csproj", "{D7A2B600-D9E4-49AC-A4B6-BB81595A73BA}"
EndProject
Global
	GlobalSection(SolutionConfigurationPlatforms) = preSolution
		Debug|Any CPU = Debug|Any CPU
		Release|Any CPU = Release|Any CPU
	EndGlobalSection
	GlobalSection(ProjectConfigurationPlatforms) = postSolution
		{05A570DD-084E-4FE0-B50C-1599A9C313D7}.Debug|Any CPU.ActiveCfg = Debug|Any CPU
		{05A570DD-084E-4FE0-B50C-1599A9C313D7}.Debug|Any CPU.Build.0 = Debug|Any CPU
		{05A570DD-084E-4FE0-B50C-1599A9C313D7}.Release|Any CPU.ActiveCfg = Release|Any CPU
		{05A570DD-084E-4FE0-B50C-1599A9C313D7}.Release|Any CPU.Build.0 = Release|Any CPU
		{D7A2B600-D9E4-49AC-A4B6-BB81595A73BA}.Debug|Any CPU.ActiveCfg = Debug|Any CPU
		{D7A2B600-D9E4-49AC-A4B6-BB81595A73BA}.Debug|Any CPU.Build.0 = Debug|Any CPU
		{D7A2B600-D9E4-49AC-A4B6-BB81595A73BA}.Release|Any CPU.ActiveCfg = Release|Any CPU
		{D7A2B600-D9E4-49AC-A4B6-BB81595A73BA}.Release|Any CPU.Build.0 = Release|Any CPU
	EndGlobalSection
	GlobalSection(SolutionProperties) = preSolution
		HideSolutionNode = FALSE
	EndGlobalSection
	GlobalSection(ExtensibilityGlobals) = postSolution
		SolutionGuid = {09F3AEFF-DB4B-49AD-A254-77C3069A9F19}
	EndGlobalSection
EndGlobal
